
Microsoft Visual Studio Solution File, Format Version 12.00
# Visual Studio Version 17
VisualStudioVersion = 17.9.34622.214
MinimumVisualStudioVersion = 10.0.40219.1
Project("{FAE04EC0-301F-11D3-BF4B-00C04F79EFBC}") = "AuthService.Api", "AuthService.Api\AuthService.Api.csproj", "{30E0D2AF-41F4-4E5D-909F-6C76272E0E9F}"
EndProject
Project("{9A19103F-16F7-4668-BE54-9A1E7A4F7556}") = "AuthService.Application", "AuthService.Application\AuthService.Application.csproj", "{DC691482-1E41-464D-B64F-841C19C6B0EB}"
EndProject
Project("{9A19103F-16F7-4668-BE54-9A1E7A4F7556}") = "AuthService.Domain", "AuthService.Domain\AuthService.Domain.csproj", "{A5313C76-B5AA-4F51-8E4F-5930FF662DA9}"
EndProject
Project("{9A19103F-16F7-4668-BE54-9A1E7A4F7556}") = "AuthService.Infrastructure", "AuthService.Infrastructure\AuthService.Infrastructure.csproj", "{62FCE6A9-0213-4EC3-BAB0-C08CC4D5CE24}"
EndProject
Global
	GlobalSection(SolutionConfigurationPlatforms) = preSolution
		Debug|Any CPU = Debug|Any CPU
		Release|Any CPU = Release|Any CPU
	EndGlobalSection
	GlobalSection(ProjectConfigurationPlatforms) = postSolution
		{30E0D2AF-41F4-4E5D-909F-6C76272E0E9F}.Debug|Any CPU.ActiveCfg = Debug|Any CPU
		{30E0D2AF-41F4-4E5D-909F-6C76272E0E9F}.Debug|Any CPU.Build.0 = Debug|Any CPU
		{30E0D2AF-41F4-4E5D-909F-6C76272E0E9F}.Release|Any CPU.ActiveCfg = Release|Any CPU
		{30E0D2AF-41F4-4E5D-909F-6C76272E0E9F}.Release|Any CPU.Build.0 = Release|Any CPU
		{DC691482-1E41-464D-B64F-841C19C6B0EB}.Debug|Any CPU.ActiveCfg = Debug|Any CPU
		{DC691482-1E41-464D-B64F-841C19C6B0EB}.Debug|Any CPU.Build.0 = Debug|Any CPU
		{DC691482-1E41-464D-B64F-841C19C6B0EB}.Release|Any CPU.ActiveCfg = Release|Any CPU
		{DC691482-1E41-464D-B64F-841C19C6B0EB}.Release|Any CPU.Build.0 = Release|Any CPU
		{A5313C76-B5AA-4F51-8E4F-5930FF662DA9}.Debug|Any CPU.ActiveCfg = Debug|Any CPU
		{A5313C76-B5AA-4F51-8E4F-5930FF662DA9}.Debug|Any CPU.Build.0 = Debug|Any CPU
		{A5313C76-B5AA-4F51-8E4F-5930FF662DA9}.Release|Any CPU.ActiveCfg = Release|Any CPU
		{A5313C76-B5AA-4F51-8E4F-5930FF662DA9}.Release|Any CPU.Build.0 = Release|Any CPU
		{62FCE6A9-0213-4EC3-BAB0-C08CC4D5CE24}.Debug|Any CPU.ActiveCfg = Debug|Any CPU
		{62FCE6A9-0213-4EC3-BAB0-C08CC4D5CE24}.Debug|Any CPU.Build.0 = Debug|Any CPU
		{62FCE6A9-0213-4EC3-BAB0-C08CC4D5CE24}.Release|Any CPU.ActiveCfg = Release|Any CPU
		{62FCE6A9-0213-4EC3-BAB0-C08CC4D5CE24}.Release|Any CPU.Build.0 = Release|Any CPU
	EndGlobalSection
	GlobalSection(SolutionProperties) = preSolution
		HideSolutionNode = FALSE
	EndGlobalSection
	GlobalSection(ExtensibilityGlobals) = postSolution
		SolutionGuid = {5266B7C2-6DDC-4334-8F36-544AE6D89A23}
	EndGlobalSection
EndGlobal
